// !$*UTF8*$!
{
	archiveVersion = 1;
	classes = {
	};
	objectVersion = 50;
	objects = {

/* Begin PBXBuildFile section */
		870DBA9F2700F99700A99C5D /* TableViewCell.swift in Sources */ = {isa = PBXBuildFile; fileRef = 870DBA9E2700F99700A99C5D /* TableViewCell.swift */; };
		87B776B92700219100F52093 /* AppDelegate.swift in Sources */ = {isa = PBXBuildFile; fileRef = 87B776B82700219100F52093 /* AppDelegate.swift */; };
		87B776BB2700219100F52093 /* SceneDelegate.swift in Sources */ = {isa = PBXBuildFile; fileRef = 87B776BA2700219100F52093 /* SceneDelegate.swift */; };
		87B776BD2700219100F52093 /* ViewController.swift in Sources */ = {isa = PBXBuildFile; fileRef = 87B776BC2700219100F52093 /* ViewController.swift */; };
		87B776C02700219100F52093 /* Main.storyboard in Resources */ = {isa = PBXBuildFile; fileRef = 87B776BE2700219100F52093 /* Main.storyboard */; };
		87B776C22700219500F52093 /* Assets.xcassets in Resources */ = {isa = PBXBuildFile; fileRef = 87B776C12700219500F52093 /* Assets.xcassets */; };
		87B776C52700219500F52093 /* LaunchScreen.storyboard in Resources */ = {isa = PBXBuildFile; fileRef = 87B776C32700219500F52093 /* LaunchScreen.storyboard */; };
		87B776D1270032DB00F52093 /* icons8-milk-60.png in Resources */ = {isa = PBXBuildFile; fileRef = 87B776CC270032DB00F52093 /* icons8-milk-60.png */; };
		87B776D2270032DB00F52093 /* icons8-apple-60.png in Resources */ = {isa = PBXBuildFile; fileRef = 87B776CD270032DB00F52093 /* icons8-apple-60.png */; };
		87B776D3270032DB00F52093 /* icons8-steak-48.png in Resources */ = {isa = PBXBuildFile; fileRef = 87B776CE270032DB00F52093 /* icons8-steak-48.png */; };
		87B776D4270032DB00F52093 /* icons8-peanut-butter-64.png in Resources */ = {isa = PBXBuildFile; fileRef = 87B776CF270032DB00F52093 /* icons8-peanut-butter-64.png */; };
		87B776D5270032DB00F52093 /* icons8-banana-60.png in Resources */ = {isa = PBXBuildFile; fileRef = 87B776D0270032DB00F52093 /* icons8-banana-60.png */; };
		87B776D7270039B700F52093 /* icons8-bread-60.png in Resources */ = {isa = PBXBuildFile; fileRef = 87B776D6270039B700F52093 /* icons8-bread-60.png */; };
/* End PBXBuildFile section */

/* Begin PBXFileReference section */
		870DBA9E2700F99700A99C5D /* TableViewCell.swift */ = {isa = PBXFileReference; lastKnownFileType = sourcecode.swift; path = TableViewCell.swift; sourceTree = "<group>"; };
		87B776B52700219100F52093 /* project-1.app */ = {isa = PBXFileReference; explicitFileType = wrapper.application; includeInIndex = 0; path = "project-1.app"; sourceTree = BUILT_PRODUCTS_DIR; };
		87B776B82700219100F52093 /* AppDelegate.swift */ = {isa = PBXFileReference; lastKnownFileType = sourcecode.swift; path = AppDelegate.swift; sourceTree = "<group>"; };
		87B776BA2700219100F52093 /* SceneDelegate.swift */ = {isa = PBXFileReference; lastKnownFileType = sourcecode.swift; path = SceneDelegate.swift; sourceTree = "<group>"; };
		87B776BC2700219100F52093 /* ViewController.swift */ = {isa = PBXFileReference; lastKnownFileType = sourcecode.swift; path = ViewController.swift; sourceTree = "<group>"; };
		87B776BF2700219100F52093 /* Base */ = {isa = PBXFileReference; lastKnownFileType = file.storyboard; name = Base; path = Base.lproj/Main.storyboard; sourceTree = "<group>"; };
		87B776C12700219500F52093 /* Assets.xcassets */ = {isa = PBXFileReference; lastKnownFileType = folder.assetcatalog; path = Assets.xcassets; sourceTree = "<group>"; };
		87B776C42700219500F52093 /* Base */ = {isa = PBXFileReference; lastKnownFileType = file.storyboard; name = Base; path = Base.lproj/LaunchScreen.storyboard; sourceTree = "<group>"; };
		87B776C62700219500F52093 /* Info.plist */ = {isa = PBXFileReference; lastKnownFileType = text.plist.xml; path = Info.plist; sourceTree = "<group>"; };
		87B776CC270032DB00F52093 /* icons8-milk-60.png */ = {isa = PBXFileReference; lastKnownFileType = image.png; name = "icons8-milk-60.png"; path = "../../../../../Downloads/icons8-milk-60.png"; sourceTree = "<group>"; };
		87B776CD270032DB00F52093 /* icons8-apple-60.png */ = {isa = PBXFileReference; lastKnownFileType = image.png; name = "icons8-apple-60.png"; path = "../../../../../Downloads/icons8-apple-60.png"; sourceTree = "<group>"; };
		87B776CE270032DB00F52093 /* icons8-steak-48.png */ = {isa = PBXFileReference; lastKnownFileType = image.png; name = "icons8-steak-48.png"; path = "../../../../../Downloads/icons8-steak-48.png"; sourceTree = "<group>"; };
		87B776CF270032DB00F52093 /* icons8-peanut-butter-64.png */ = {isa = PBXFileReference; lastKnownFileType = image.png; name = "icons8-peanut-butter-64.png"; path = "../../../../../Downloads/icons8-peanut-butter-64.png"; sourceTree = "<group>"; };
		87B776D0270032DB00F52093 /* icons8-banana-60.png */ = {isa = PBXFileReference; lastKnownFileType = image.png; name = "icons8-banana-60.png"; path = "../../../../../Downloads/icons8-banana-60.png"; sourceTree = "<group>"; };
		87B776D6270039B700F52093 /* icons8-bread-60.png */ = {isa = PBXFileReference; lastKnownFileType = image.png; name = "icons8-bread-60.png"; path = "../../../../../Downloads/icons8-bread-60.png"; sourceTree = "<group>"; };
/* End PBXFileReference section */

/* Begin PBXFrameworksBuildPhase section */
		87B776B22700219100F52093 /* Frameworks */ = {
			isa = PBXFrameworksBuildPhase;
			buildActionMask = 2147483647;
			files = (
			);
			runOnlyForDeploymentPostprocessing = 0;
		};
/* End PBXFrameworksBuildPhase section */

/* Begin PBXGroup section */
		87B776AC2700219100F52093 = {
			isa = PBXGroup;
			children = (
				87B776B72700219100F52093 /* project-1 */,
				87B776B62700219100F52093 /* Products */,
			);
			sourceTree = "<group>";
		};
		87B776B62700219100F52093 /* Products */ = {
			isa = PBXGroup;
			children = (
				87B776B52700219100F52093 /* project-1.app */,
			);
			name = Products;
			sourceTree = "<group>";
		};
		87B776B72700219100F52093 /* project-1 */ = {
			isa = PBXGroup;
			children = (
				87B776B82700219100F52093 /* AppDelegate.swift */,
				87B776BA2700219100F52093 /* SceneDelegate.swift */,
				87B776BC2700219100F52093 /* ViewController.swift */,
				87B776BE2700219100F52093 /* Main.storyboard */,
				870DBA9E2700F99700A99C5D /* TableViewCell.swift */,
				87B776C12700219500F52093 /* Assets.xcassets */,
				87B776CD270032DB00F52093 /* icons8-apple-60.png */,
				87B776D0270032DB00F52093 /* icons8-banana-60.png */,
				87B776CC270032DB00F52093 /* icons8-milk-60.png */,
				87B776CF270032DB00F52093 /* icons8-peanut-butter-64.png */,
				87B776CE270032DB00F52093 /* icons8-steak-48.png */,
				87B776D6270039B700F52093 /* icons8-bread-60.png */,
				87B776C32700219500F52093 /* LaunchScreen.storyboard */,
				87B776C62700219500F52093 /* Info.plist */,
			);
			path = "project-1";
			sourceTree = "<group>";
		};
/* End PBXGroup section */

/* Begin PBXNativeTarget section */
		87B776B42700219100F52093 /* project-1 */ = {
			isa = PBXNativeTarget;
			buildConfigurationList = 87B776C92700219500F52093 /* Build configuration list for PBXNativeTarget "project-1" */;
			buildPhases = (
				87B776B12700219100F52093 /* Sources */,
				87B776B22700219100F52093 /* Frameworks */,
				87B776B32700219100F52093 /* Resources */,
			);
			buildRules = (
			);
			dependencies = (
			);
			name = "project-1";
			productName = "project-1";
			productReference = 87B776B52700219100F52093 /* project-1.app */;
			productType = "com.apple.product-type.application";
		};
/* End PBXNativeTarget section */

/* Begin PBXProject section */
		87B776AD2700219100F52093 /* Project object */ = {
			isa = PBXProject;
			attributes = {
				LastSwiftUpdateCheck = 1250;
				LastUpgradeCheck = 1250;
				TargetAttributes = {
					87B776B42700219100F52093 = {
						CreatedOnToolsVersion = 12.5.1;
					};
				};
			};
			buildConfigurationList = 87B776B02700219100F52093 /* Build configuration list for PBXProject "project-1" */;
			compatibilityVersion = "Xcode 9.3";
			developmentRegion = en;
			hasScannedForEncodings = 0;
			knownRegions = (
				en,
				Base,
			);
			mainGroup = 87B776AC2700219100F52093;
			productRefGroup = 87B776B62700219100F52093 /* Products */;
			projectDirPath = "";
			projectRoot = "";
			targets = (
				87B776B42700219100F52093 /* project-1 */,
			);
		};
/* End PBXProject section */

/* Begin PBXResourcesBuildPhase section */
		87B776B32700219100F52093 /* Resources */ = {
			isa = PBXResourcesBuildPhase;
			buildActionMask = 2147483647;
			files = (
				87B776D3270032DB00F52093 /* icons8-steak-48.png in Resources */,
				87B776C52700219500F52093 /* LaunchScreen.storyboard in Resources */,
				87B776D2270032DB00F52093 /* icons8-apple-60.png in Resources */,
				87B776C22700219500F52093 /* Assets.xcassets in Resources */,
				87B776D5270032DB00F52093 /* icons8-banana-60.png in Resources */,
				87B776D1270032DB00F52093 /* icons8-milk-60.png in Resources */,
				87B776C02700219100F52093 /* Main.storyboard in Resources */,
				87B776D4270032DB00F52093 /* icons8-peanut-butter-64.png in Resources */,
				87B776D7270039B700F52093 /* icons8-bread-60.png in Resources */,
			);
			runOnlyForDeploymentPostprocessing = 0;
		};
/* End PBXResourcesBuildPhase section */

/* Begin PBXSourcesBuildPhase section */
		87B776B12700219100F52093 /* Sources */ = {
			isa = PBXSourcesBuildPhase;
			buildActionMask = 2147483647;
			files = (
				87B776BD2700219100F52093 /* ViewController.swift in Sources */,
				870DBA9F2700F99700A99C5D /* TableViewCell.swift in Sources */,
				87B776B92700219100F52093 /* AppDelegate.swift in Sources */,
				87B776BB2700219100F52093 /* SceneDelegate.swift in Sources */,
			);
			runOnlyForDeploymentPostprocessing = 0;
		};
/* End PBXSourcesBuildPhase section */

/* Begin PBXVariantGroup section */
		87B776BE2700219100F52093 /* Main.storyboard */ = {
			isa = PBXVariantGroup;
			children = (
				87B776BF2700219100F52093 /* Base */,
			);
			name = Main.storyboard;
			sourceTree = "<group>";
		};
		87B776C32700219500F52093 /* LaunchScreen.storyboard */ = {
			isa = PBXVariantGroup;
			children = (
				87B776C42700219500F52093 /* Base */,
			);
			name = LaunchScreen.storyboard;
			sourceTree = "<group>";
		};
/* End PBXVariantGroup section */

/* Begin XCBuildConfiguration section */
		87B776C72700219500F52093 /* Debug */ = {
			isa = XCBuildConfiguration;
			buildSettings = {
				ALWAYS_SEARCH_USER_PATHS = NO;
				CLANG_ANALYZER_NONNULL = YES;
				CLANG_ANALYZER_NUMBER_OBJECT_CONVERSION = YES_AGGRESSIVE;
				CLANG_CXX_LANGUAGE_STANDARD = "gnu++14";
				CLANG_CXX_LIBRARY = "libc++";
				CLANG_ENABLE_MODULES = YES;
				CLANG_ENABLE_OBJC_ARC = YES;
				CLANG_ENABLE_OBJC_WEAK = YES;
				CLANG_WARN_BLOCK_CAPTURE_AUTORELEASING = YES;
				CLANG_WARN_BOOL_CONVERSION = YES;
				CLANG_WARN_COMMA = YES;
				CLANG_WARN_CONSTANT_CONVERSION = YES;
				CLANG_WARN_DEPRECATED_OBJC_IMPLEMENTATIONS = YES;
				CLANG_WARN_DIRECT_OBJC_ISA_USAGE = YES_ERROR;
				CLANG_WARN_DOCUMENTATION_COMMENTS = YES;
				CLANG_WARN_EMPTY_BODY = YES;
				CLANG_WARN_ENUM_CONVERSION = YES;
				CLANG_WARN_INFINITE_RECURSION = YES;
				CLANG_WARN_INT_CONVERSION = YES;
				CLANG_WARN_NON_LITERAL_NULL_CONVERSION = YES;
				CLANG_WARN_OBJC_IMPLICIT_RETAIN_SELF = YES;
				CLANG_WARN_OBJC_LITERAL_CONVERSION = YES;
				CLANG_WARN_OBJC_ROOT_CLASS = YES_ERROR;
				CLANG_WARN_QUOTED_INCLUDE_IN_FRAMEWORK_HEADER = YES;
				CLANG_WARN_RANGE_LOOP_ANALYSIS = YES;
				CLANG_WARN_STRICT_PROTOTYPES = YES;
				CLANG_WARN_SUSPICIOUS_MOVE = YES;
				CLANG_WARN_UNGUARDED_AVAILABILITY = YES_AGGRESSIVE;
				CLANG_WARN_UNREACHABLE_CODE = YES;
				CLANG_WARN__DUPLICATE_METHOD_MATCH = YES;
				COPY_PHASE_STRIP = NO;
				DEBUG_INFORMATION_FORMAT = dwarf;
				ENABLE_STRICT_OBJC_MSGSEND = YES;
				ENABLE_TESTABILITY = YES;
				GCC_C_LANGUAGE_STANDARD = gnu11;
				GCC_DYNAMIC_NO_PIC = NO;
				GCC_NO_COMMON_BLOCKS = YES;
				GCC_OPTIMIZATION_LEVEL = 0;
				GCC_PREPROCESSOR_DEFINITIONS = (
					"DEBUG=1",
					"$(inherited)",
				);
				GCC_WARN_64_TO_32_BIT_CONVERSION = YES;
				GCC_WARN_ABOUT_RETURN_TYPE = YES_ERROR;
				GCC_WARN_UNDECLARED_SELECTOR = YES;
				GCC_WARN_UNINITIALIZED_AUTOS = YES_AGGRESSIVE;
				GCC_WARN_UNUSED_FUNCTION = YES;
				GCC_WARN_UNUSED_VARIABLE = YES;
				IPHONEOS_DEPLOYMENT_TARGET = 14.5;
				MTL_ENABLE_DEBUG_INFO = INCLUDE_SOURCE;
				MTL_FAST_MATH = YES;
				ONLY_ACTIVE_ARCH = YES;
				SDKROOT = iphoneos;
				SWIFT_ACTIVE_COMPILATION_CONDITIONS = DEBUG;
				SWIFT_OPTIMIZATION_LEVEL = "-Onone";
			};
			name = Debug;
		};
		87B776C82700219500F52093 /* Release */ = {
			isa = XCBuildConfiguration;
			buildSettings = {
				ALWAYS_SEARCH_USER_PATHS = NO;
				CLANG_ANALYZER_NONNULL = YES;
				CLANG_ANALYZER_NUMBER_OBJECT_CONVERSION = YES_AGGRESSIVE;
				CLANG_CXX_LANGUAGE_STANDARD = "gnu++14";
				CLANG_CXX_LIBRARY = "libc++";
				CLANG_ENABLE_MODULES = YES;
				CLANG_ENABLE_OBJC_ARC = YES;
				CLANG_ENABLE_OBJC_WEAK = YES;
				CLANG_WARN_BLOCK_CAPTURE_AUTORELEASING = YES;
				CLANG_WARN_BOOL_CONVERSION = YES;
				CLANG_WARN_COMMA = YES;
				CLANG_WARN_CONSTANT_CONVERSION = YES;
				CLANG_WARN_DEPRECATED_OBJC_IMPLEMENTATIONS = YES;
				CLANG_WARN_DIRECT_OBJC_ISA_USAGE = YES_ERROR;
				CLANG_WARN_DOCUMENTATION_COMMENTS = YES;
				CLANG_WARN_EMPTY_BODY = YES;
				CLANG_WARN_ENUM_CONVERSION = YES;
				CLANG_WARN_INFINITE_RECURSION = YES;
				CLANG_WARN_INT_CONVERSION = YES;
				CLANG_WARN_NON_LITERAL_NULL_CONVERSION = YES;
				CLANG_WARN_OBJC_IMPLICIT_RETAIN_SELF = YES;
				CLANG_WARN_OBJC_LITERAL_CONVERSION = YES;
				CLANG_WARN_OBJC_ROOT_CLASS = YES_ERROR;
				CLANG_WARN_QUOTED_INCLUDE_IN_FRAMEWORK_HEADER = YES;
				CLANG_WARN_RANGE_LOOP_ANALYSIS = YES;
				CLANG_WARN_STRICT_PROTOTYPES = YES;
				CLANG_WARN_SUSPICIOUS_MOVE = YES;
				CLANG_WARN_UNGUARDED_AVAILABILITY = YES_AGGRESSIVE;
				CLANG_WARN_UNREACHABLE_CODE = YES;
				CLANG_WARN__DUPLICATE_METHOD_MATCH = YES;
				COPY_PHASE_STRIP = NO;
				DEBUG_INFORMATION_FORMAT = "dwarf-with-dsym";
				ENABLE_NS_ASSERTIONS = NO;
				ENABLE_STRICT_OBJC_MSGSEND = YES;
				GCC_C_LANGUAGE_STANDARD = gnu11;
				GCC_NO_COMMON_BLOCKS = YES;
				GCC_WARN_64_TO_32_BIT_CONVERSION = YES;
				GCC_WARN_ABOUT_RETURN_TYPE = YES_ERROR;
				GCC_WARN_UNDECLARED_SELECTOR = YES;
				GCC_WARN_UNINITIALIZED_AUTOS = YES_AGGRESSIVE;
				GCC_WARN_UNUSED_FUNCTION = YES;
				GCC_WARN_UNUSED_VARIABLE = YES;
				IPHONEOS_DEPLOYMENT_TARGET = 14.5;
				MTL_ENABLE_DEBUG_INFO = NO;
				MTL_FAST_MATH = YES;
				SDKROOT = iphoneos;
				SWIFT_COMPILATION_MODE = wholemodule;
				SWIFT_OPTIMIZATION_LEVEL = "-O";
				VALIDATE_PRODUCT = YES;
			};
			name = Release;
		};
		87B776CA2700219500F52093 /* Debug */ = {
			isa = XCBuildConfiguration;
			buildSettings = {
				ASSETCATALOG_COMPILER_APPICON_NAME = AppIcon;
				ASSETCATALOG_COMPILER_GLOBAL_ACCENT_COLOR_NAME = AccentColor;
				CODE_SIGN_STYLE = Automatic;
				INFOPLIST_FILE = "project-1/Info.plist";
				LD_RUNPATH_SEARCH_PATHS = (
					"$(inherited)",
					"@executable_path/Frameworks",
				);
				PRODUCT_BUNDLE_IDENTIFIER = "KSR.project-1";
				PRODUCT_NAME = "$(TARGET_NAME)";
				SWIFT_VERSION = 5.0;
				TARGETED_DEVICE_FAMILY = "1,2";
			};
			name = Debug;
		};
		87B776CB2700219500F52093 /* Release */ = {
			isa = XCBuildConfiguration;
			buildSettings = {
				ASSETCATALOG_COMPILER_APPICON_NAME = AppIcon;
				ASSETCATALOG_COMPILER_GLOBAL_ACCENT_COLOR_NAME = AccentColor;
				CODE_SIGN_STYLE = Automatic;
				INFOPLIST_FILE = "project-1/Info.plist";
				LD_RUNPATH_SEARCH_PATHS = (
					"$(inherited)",
					"@executable_path/Frameworks",
				);
				PRODUCT_BUNDLE_IDENTIFIER = "KSR.project-1";
				PRODUCT_NAME = "$(TARGET_NAME)";
				SWIFT_VERSION = 5.0;
				TARGETED_DEVICE_FAMILY = "1,2";
			};
			name = Release;
		};
/* End XCBuildConfiguration section */

/* Begin XCConfigurationList section */
		87B776B02700219100F52093 /* Build configuration list for PBXProject "project-1" */ = {
			isa = XCConfigurationList;
			buildConfigurations = (
				87B776C72700219500F52093 /* Debug */,
				87B776C82700219500F52093 /* Release */,
			);
			defaultConfigurationIsVisible = 0;
			defaultConfigurationName = Release;
		};
		87B776C92700219500F52093 /* Build configuration list for PBXNativeTarget "project-1" */ = {
			isa = XCConfigurationList;
			buildConfigurations = (
				87B776CA2700219500F52093 /* Debug */,
				87B776CB2700219500F52093 /* Release */,
			);
			defaultConfigurationIsVisible = 0;
			defaultConfigurationName = Release;
		};
/* End XCConfigurationList section */
	};
	rootObject = 87B776AD2700219100F52093 /* Project object */;
}
